github.com/likexian/gokit v0.25.13 h1:p2Uw3+6fGG53CwdU2Dz0T6bOycdb2+bAFAa3ymwWVkM=
github.com/likexian/gokit v0.25.13/go.mod h1:qQhEWFBEfqLCO3/vOEo2EDKd+EycekVtUK4tex+l2H4=
github.com/likexian/whois-parser v1.24.10 h1:Gfr+Q96PIo+HigM4r4rJ0SjN47h+URMRTdGcZ9jDXU4=
github.com/likexian/whois-parser v1.24.10/go.mod h1:b6STMHHDaSKbd4PzGrP50wWE5NzeBUETa/hT9gI0G9I=
golang.org/x/net v0.20.0 h1:aCL9BSgETF1k+blQaYUBx9hJ9LOGP3gAVemcZlf1Kpo=
golang.org/x/net v0.20.0/go.mod h1:z8BVo6PvndSri0LbOE3hAn0apkU+1YvI6E70E9jsnvY=
golang.org/x/text v0.14.0 h1:ScX5w1eTa3QqT8oi6+ziP7dTV1S2+ALU0bI+0zXKWiQ=
golang.org/x/text v0.14.0/go.mod h1:18ZOQIKpY8NJVqYksKHtTdi31H5itFRjB5/qKTNYzSU=
