github.com/likexian/gokit v0.25.16 h1:wwBeUIN/OdoPp6t00xTnZE8Di/+s969Bl5N2Kw6bzP8=
github.com/likexian/gokit v0.25.16/go.mod h1:Wqd4f+iifV0qxA1N3MqePJTUsmRy/lpst9/yXriDx/4=
github.com/likexian/whois-parser v1.24.21 h1:MxsrGRxDOiZIVp7q7N/yAIbKuN4QAkGjCpOtTDA5OsM=
github.com/likexian/whois-parser v1.24.21/go.mod h1:o3DUruO65Pb8WXCJCTlSVkTbwuYVrBCeoMTw2q0mxY4=
golang.org/x/net v0.56.0 h1:Rw8j/hFzGvJUZwNBXnAtf5sVDVt+65SK2C7IxCxZt5o=
golang.org/x/net v0.56.0/go.mod h1:D3Ku6r+V6JROoZK144D2XfMHFcMq/0zSfLelVTCFKec=
golang.org/x/text v0.38.0 h1:sXmwo9DwP3OK9EZ7PqAdaooSGozfl/3a6/xJcbzPRhE=
golang.org/x/text v0.38.0/go.mod h1:YXZt3QhHUKYT53r2lLKFIVi6Ao1jdzrTR/KQ09qyxF4=
